
Microsoft Visual Studio Solution File, Format Version 12.00
# Visual Studio Version 17
VisualStudioVersion = 17.2.32616.157
MinimumVisualStudioVersion = 10.0.40219.1
Project("{FAE04EC0-301F-11D3-BF4B-00C04F79EFBC}") = "GalaxyKitUpdater", "GalaxyKitUpdater\GalaxyKitUpdater.csproj", "{D5FFFFBB-C60D-4B15-88F3-E94D344415CD}"
EndProject
Project("{FAE04EC0-301F-11D3-BF4B-00C04F79EFBC}") = "ConsoleTest", "ConsoleTest\ConsoleTest.csproj", "{F44AF72B-431B-4A32-8829-A236FB4FF2EC}"
EndProject
Global
	GlobalSection(SolutionConfigurationPlatforms) = preSolution
		Debug|Any CPU = Debug|Any CPU
		Release|Any CPU = Release|Any CPU
	EndGlobalSection
	GlobalSection(ProjectConfigurationPlatforms) = postSolution
		{D5FFFFBB-C60D-4B15-88F3-E94D344415CD}.Debug|Any CPU.ActiveCfg = Debug|Any CPU
		{D5FFFFBB-C60D-4B15-88F3-E94D344415CD}.Debug|Any CPU.Build.0 = Debug|Any CPU
		{D5FFFFBB-C60D-4B15-88F3-E94D344415CD}.Release|Any CPU.ActiveCfg = Release|Any CPU
		{D5FFFFBB-C60D-4B15-88F3-E94D344415CD}.Release|Any CPU.Build.0 = Release|Any CPU
		{F44AF72B-431B-4A32-8829-A236FB4FF2EC}.Debug|Any CPU.ActiveCfg = Debug|Any CPU
		{F44AF72B-431B-4A32-8829-A236FB4FF2EC}.Debug|Any CPU.Build.0 = Debug|Any CPU
		{F44AF72B-431B-4A32-8829-A236FB4FF2EC}.Release|Any CPU.ActiveCfg = Release|Any CPU
		{F44AF72B-431B-4A32-8829-A236FB4FF2EC}.Release|Any CPU.Build.0 = Release|Any CPU
	EndGlobalSection
	GlobalSection(SolutionProperties) = preSolution
		HideSolutionNode = FALSE
	EndGlobalSection
	GlobalSection(ExtensibilityGlobals) = postSolution
		SolutionGuid = {8A4EC09E-0B6B-4295-B098-91EF3B7B24D3}
	EndGlobalSection
EndGlobal
